// !$*UTF8*$!
{
	archiveVersion = 1;
	classes = {
	};
	objectVersion = 56;
	objects = {

/* Begin PBXBuildFile section */
		6515C9102A15516200A545E8 /* AnswerRow.swift in Sources */ = {isa = PBXBuildFile; fileRef = 6515C90F2A15516100A545E8 /* AnswerRow.swift */; };
		6515C9122A15526D00A545E8 /* PrimaryButton.swift in Sources */ = {isa = PBXBuildFile; fileRef = 6515C9112A15526D00A545E8 /* PrimaryButton.swift */; };
		6515C9142A15532A00A545E8 /* ProgressBar.swift in Sources */ = {isa = PBXBuildFile; fileRef = 6515C9132A15532A00A545E8 /* ProgressBar.swift */; };
		6515C9162A15544100A545E8 /* Extensions.swift in Sources */ = {isa = PBXBuildFile; fileRef = 6515C9152A15544100A545E8 /* Extensions.swift */; };
		6515C9182A15547600A545E8 /* QuestionView.swift in Sources */ = {isa = PBXBuildFile; fileRef = 6515C9172A15547600A545E8 /* QuestionView.swift */; };
		6515C91A2A1555CC00A545E8 /* TriviaView.swift in Sources */ = {isa = PBXBuildFile; fileRef = 6515C9192A1555CC00A545E8 /* TriviaView.swift */; };
		655F113B2A0AC9D1005FE12F /* LoginView.swift in Sources */ = {isa = PBXBuildFile; fileRef = 655F113A2A0AC9D1005FE12F /* LoginView.swift */; };
		655F113D2A0AEE1E005FE12F /* WelcomeView.swift in Sources */ = {isa = PBXBuildFile; fileRef = 655F113C2A0AEE1E005FE12F /* WelcomeView.swift */; };
		655F113F2A0AF6F6005FE12F /* HomeView.swift in Sources */ = {isa = PBXBuildFile; fileRef = 655F113E2A0AF6F6005FE12F /* HomeView.swift */; };
		655F11412A0AF7EA005FE12F /* ProfileView.swift in Sources */ = {isa = PBXBuildFile; fileRef = 655F11402A0AF7EA005FE12F /* ProfileView.swift */; };
		655F11432A0AF9A6005FE12F /* Answer.swift in Sources */ = {isa = PBXBuildFile; fileRef = 655F11422A0AF9A6005FE12F /* Answer.swift */; };
		655F11452A0AF9C7005FE12F /* Trivia.swift in Sources */ = {isa = PBXBuildFile; fileRef = 655F11442A0AF9C7005FE12F /* Trivia.swift */; };
		655F11482A0AFE93005FE12F /* TriviaManager.swift in Sources */ = {isa = PBXBuildFile; fileRef = 655F11472A0AFE93005FE12F /* TriviaManager.swift */; };
		655F114A2A0B02E1005FE12F /* Category.swift in Sources */ = {isa = PBXBuildFile; fileRef = 655F11492A0B02E1005FE12F /* Category.swift */; };
		6590C8192A145CD40039AD39 /* CardComponent.swift in Sources */ = {isa = PBXBuildFile; fileRef = 6590C8182A145CD40039AD39 /* CardComponent.swift */; };
		659C38882A0475C000F904AB /* QuizAppApp.swift in Sources */ = {isa = PBXBuildFile; fileRef = 659C38872A0475C000F904AB /* QuizAppApp.swift */; };
		659C388A2A0475C000F904AB /* ContentView.swift in Sources */ = {isa = PBXBuildFile; fileRef = 659C38892A0475C000F904AB /* ContentView.swift */; };
		659C388C2A0475C100F904AB /* Assets.xcassets in Resources */ = {isa = PBXBuildFile; fileRef = 659C388B2A0475C100F904AB /* Assets.xcassets */; };
		659C388F2A0475C100F904AB /* Preview Assets.xcassets in Resources */ = {isa = PBXBuildFile; fileRef = 659C388E2A0475C100F904AB /* Preview Assets.xcassets */; };
/* End PBXBuildFile section */

/* Begin PBXFileReference section */
		6515C90F2A15516100A545E8 /* AnswerRow.swift */ = {isa = PBXFileReference; lastKnownFileType = sourcecode.swift; path = AnswerRow.swift; sourceTree = "<group>"; };
		6515C9112A15526D00A545E8 /* PrimaryButton.swift */ = {isa = PBXFileReference; lastKnownFileType = sourcecode.swift; path = PrimaryButton.swift; sourceTree = "<group>"; };
		6515C9132A15532A00A545E8 /* ProgressBar.swift */ = {isa = PBXFileReference; lastKnownFileType = sourcecode.swift; path = ProgressBar.swift; sourceTree = "<group>"; };
		6515C9152A15544100A545E8 /* Extensions.swift */ = {isa = PBXFileReference; lastKnownFileType = sourcecode.swift; path = Extensions.swift; sourceTree = "<group>"; };
		6515C9172A15547600A545E8 /* QuestionView.swift */ = {isa = PBXFileReference; lastKnownFileType = sourcecode.swift; path = QuestionView.swift; sourceTree = "<group>"; };
		6515C9192A1555CC00A545E8 /* TriviaView.swift */ = {isa = PBXFileReference; lastKnownFileType = sourcecode.swift; path = TriviaView.swift; sourceTree = "<group>"; };
		655F113A2A0AC9D1005FE12F /* LoginView.swift */ = {isa = PBXFileReference; lastKnownFileType = sourcecode.swift; path = LoginView.swift; sourceTree = "<group>"; };
		655F113C2A0AEE1E005FE12F /* WelcomeView.swift */ = {isa = PBXFileReference; lastKnownFileType = sourcecode.swift; path = WelcomeView.swift; sourceTree = "<group>"; };
		655F113E2A0AF6F6005FE12F /* HomeView.swift */ = {isa = PBXFileReference; lastKnownFileType = sourcecode.swift; path = HomeView.swift; sourceTree = "<group>"; };
		655F11402A0AF7EA005FE12F /* ProfileView.swift */ = {isa = PBXFileReference; lastKnownFileType = sourcecode.swift; path = ProfileView.swift; sourceTree = "<group>"; };
		655F11422A0AF9A6005FE12F /* Answer.swift */ = {isa = PBXFileReference; lastKnownFileType = sourcecode.swift; path = Answer.swift; sourceTree = "<group>"; };
		655F11442A0AF9C7005FE12F /* Trivia.swift */ = {isa = PBXFileReference; lastKnownFileType = sourcecode.swift; path = Trivia.swift; sourceTree = "<group>"; };
		655F11472A0AFE93005FE12F /* TriviaManager.swift */ = {isa = PBXFileReference; lastKnownFileType = sourcecode.swift; path = TriviaManager.swift; sourceTree = "<group>"; };
		655F11492A0B02E1005FE12F /* Category.swift */ = {isa = PBXFileReference; lastKnownFileType = sourcecode.swift; path = Category.swift; sourceTree = "<group>"; };
		6590C8182A145CD40039AD39 /* CardComponent.swift */ = {isa = PBXFileReference; lastKnownFileType = sourcecode.swift; path = CardComponent.swift; sourceTree = "<group>"; };
		659C38842A0475C000F904AB /* QuizApp.app */ = {isa = PBXFileReference; explicitFileType = wrapper.application; includeInIndex = 0; path = QuizApp.app; sourceTree = BUILT_PRODUCTS_DIR; };
		659C38872A0475C000F904AB /* QuizAppApp.swift */ = {isa = PBXFileReference; lastKnownFileType = sourcecode.swift; path = QuizAppApp.swift; sourceTree = "<group>"; };
		659C38892A0475C000F904AB /* ContentView.swift */ = {isa = PBXFileReference; lastKnownFileType = sourcecode.swift; path = ContentView.swift; sourceTree = "<group>"; };
		659C388B2A0475C100F904AB /* Assets.xcassets */ = {isa = PBXFileReference; lastKnownFileType = folder.assetcatalog; path = Assets.xcassets; sourceTree = "<group>"; };
		659C388E2A0475C100F904AB /* Preview Assets.xcassets */ = {isa = PBXFileReference; lastKnownFileType = folder.assetcatalog; path = "Preview Assets.xcassets"; sourceTree = "<group>"; };
/* End PBXFileReference section */

/* Begin PBXFrameworksBuildPhase section */
		659C38812A0475C000F904AB /* Frameworks */ = {
			isa = PBXFrameworksBuildPhase;
			buildActionMask = 2147483647;
			files = (
			);
			runOnlyForDeploymentPostprocessing = 0;
		};
/* End PBXFrameworksBuildPhase section */

/* Begin PBXGroup section */
		655F11372A0AC649005FE12F /* Views */ = {
			isa = PBXGroup;
			children = (
				659C38892A0475C000F904AB /* ContentView.swift */,
				655F113A2A0AC9D1005FE12F /* LoginView.swift */,
				655F113C2A0AEE1E005FE12F /* WelcomeView.swift */,
				655F113E2A0AF6F6005FE12F /* HomeView.swift */,
				655F11402A0AF7EA005FE12F /* ProfileView.swift */,
				6515C9172A15547600A545E8 /* QuestionView.swift */,
				6515C9192A1555CC00A545E8 /* TriviaView.swift */,
			);
			path = Views;
			sourceTree = "<group>";
		};
		655F11382A0AC653005FE12F /* Models */ = {
			isa = PBXGroup;
			children = (
				655F11422A0AF9A6005FE12F /* Answer.swift */,
				655F11442A0AF9C7005FE12F /* Trivia.swift */,
				655F11492A0B02E1005FE12F /* Category.swift */,
			);
			path = Models;
			sourceTree = "<group>";
		};
		655F11392A0AC65B005FE12F /* Components */ = {
			isa = PBXGroup;
			children = (
				6590C8182A145CD40039AD39 /* CardComponent.swift */,
				6515C90F2A15516100A545E8 /* AnswerRow.swift */,
				6515C9112A15526D00A545E8 /* PrimaryButton.swift */,
				6515C9132A15532A00A545E8 /* ProgressBar.swift */,
			);
			path = Components;
			sourceTree = "<group>";
		};
		655F11462A0AFE6C005FE12F /* Managers */ = {
			isa = PBXGroup;
			children = (
				655F11472A0AFE93005FE12F /* TriviaManager.swift */,
			);
			path = Managers;
			sourceTree = "<group>";
		};
		659C387B2A0475BF00F904AB = {
			isa = PBXGroup;
			children = (
				659C38862A0475C000F904AB /* QuizApp */,
				659C38852A0475C000F904AB /* Products */,
			);
			sourceTree = "<group>";
		};
		659C38852A0475C000F904AB /* Products */ = {
			isa = PBXGroup;
			children = (
				659C38842A0475C000F904AB /* QuizApp.app */,
			);
			name = Products;
			sourceTree = "<group>";
		};
		659C38862A0475C000F904AB /* QuizApp */ = {
			isa = PBXGroup;
			children = (
				655F11462A0AFE6C005FE12F /* Managers */,
				655F11392A0AC65B005FE12F /* Components */,
				655F11382A0AC653005FE12F /* Models */,
				655F11372A0AC649005FE12F /* Views */,
				659C38872A0475C000F904AB /* QuizAppApp.swift */,
				659C388B2A0475C100F904AB /* Assets.xcassets */,
				659C388D2A0475C100F904AB /* Preview Content */,
				6515C9152A15544100A545E8 /* Extensions.swift */,
			);
			path = QuizApp;
			sourceTree = "<group>";
		};
		659C388D2A0475C100F904AB /* Preview Content */ = {
			isa = PBXGroup;
			children = (
				659C388E2A0475C100F904AB /* Preview Assets.xcassets */,
			);
			path = "Preview Content";
			sourceTree = "<group>";
		};
/* End PBXGroup section */

/* Begin PBXNativeTarget section */
		659C38832A0475C000F904AB /* QuizApp */ = {
			isa = PBXNativeTarget;
			buildConfigurationList = 659C38922A0475C100F904AB /* Build configuration list for PBXNativeTarget "QuizApp" */;
			buildPhases = (
				659C38802A0475C000F904AB /* Sources */,
				659C38812A0475C000F904AB /* Frameworks */,
				659C38822A0475C000F904AB /* Resources */,
			);
			buildRules = (
			);
			dependencies = (
			);
			name = QuizApp;
			productName = QuizApp;
			productReference = 659C38842A0475C000F904AB /* QuizApp.app */;
			productType = "com.apple.product-type.application";
		};
/* End PBXNativeTarget section */

/* Begin PBXProject section */
		659C387C2A0475BF00F904AB /* Project object */ = {
			isa = PBXProject;
			attributes = {
				BuildIndependentTargetsInParallel = 1;
				LastSwiftUpdateCheck = 1430;
				LastUpgradeCheck = 1430;
				TargetAttributes = {
					659C38832A0475C000F904AB = {
						CreatedOnToolsVersion = 14.3;
					};
				};
			};
			buildConfigurationList = 659C387F2A0475BF00F904AB /* Build configuration list for PBXProject "QuizApp" */;
			compatibilityVersion = "Xcode 14.0";
			developmentRegion = en;
			hasScannedForEncodings = 0;
			knownRegions = (
				en,
				Base,
			);
			mainGroup = 659C387B2A0475BF00F904AB;
			productRefGroup = 659C38852A0475C000F904AB /* Products */;
			projectDirPath = "";
			projectRoot = "";
			targets = (
				659C38832A0475C000F904AB /* QuizApp */,
			);
		};
/* End PBXProject section */

/* Begin PBXResourcesBuildPhase section */
		659C38822A0475C000F904AB /* Resources */ = {
			isa = PBXResourcesBuildPhase;
			buildActionMask = 2147483647;
			files = (
				659C388F2A0475C100F904AB /* Preview Assets.xcassets in Resources */,
				659C388C2A0475C100F904AB /* Assets.xcassets in Resources */,
			);
			runOnlyForDeploymentPostprocessing = 0;
		};
/* End PBXResourcesBuildPhase section */

/* Begin PBXSourcesBuildPhase section */
		659C38802A0475C000F904AB /* Sources */ = {
			isa = PBXSourcesBuildPhase;
			buildActionMask = 2147483647;
			files = (
				6515C9182A15547600A545E8 /* QuestionView.swift in Sources */,
				655F113B2A0AC9D1005FE12F /* LoginView.swift in Sources */,
				655F114A2A0B02E1005FE12F /* Category.swift in Sources */,
				659C388A2A0475C000F904AB /* ContentView.swift in Sources */,
				655F11482A0AFE93005FE12F /* TriviaManager.swift in Sources */,
				659C38882A0475C000F904AB /* QuizAppApp.swift in Sources */,
				6515C9122A15526D00A545E8 /* PrimaryButton.swift in Sources */,
				6515C9142A15532A00A545E8 /* ProgressBar.swift in Sources */,
				655F11432A0AF9A6005FE12F /* Answer.swift in Sources */,
				655F113F2A0AF6F6005FE12F /* HomeView.swift in Sources */,
				6515C91A2A1555CC00A545E8 /* TriviaView.swift in Sources */,
				655F11412A0AF7EA005FE12F /* ProfileView.swift in Sources */,
				6515C9162A15544100A545E8 /* Extensions.swift in Sources */,
				655F11452A0AF9C7005FE12F /* Trivia.swift in Sources */,
				6590C8192A145CD40039AD39 /* CardComponent.swift in Sources */,
				6515C9102A15516200A545E8 /* AnswerRow.swift in Sources */,
				655F113D2A0AEE1E005FE12F /* WelcomeView.swift in Sources */,
			);
			runOnlyForDeploymentPostprocessing = 0;
		};
/* End PBXSourcesBuildPhase section */

/* Begin XCBuildConfiguration section */
		659C38902A0475C100F904AB /* Debug */ = {
			isa = XCBuildConfiguration;
			buildSettings = {
				ALWAYS_SEARCH_USER_PATHS = NO;
				CLANG_ANALYZER_NONNULL = YES;
				CLANG_ANALYZER_NUMBER_OBJECT_CONVERSION = YES_AGGRESSIVE;
				CLANG_CXX_LANGUAGE_STANDARD = "gnu++20";
				CLANG_ENABLE_MODULES = YES;
				CLANG_ENABLE_OBJC_ARC = YES;
				CLANG_ENABLE_OBJC_WEAK = YES;
				CLANG_WARN_BLOCK_CAPTURE_AUTORELEASING = YES;
				CLANG_WARN_BOOL_CONVERSION = YES;
				CLANG_WARN_COMMA = YES;
				CLANG_WARN_CONSTANT_CONVERSION = YES;
				CLANG_WARN_DEPRECATED_OBJC_IMPLEMENTATIONS = YES;
				CLANG_WARN_DIRECT_OBJC_ISA_USAGE = YES_ERROR;
				CLANG_WARN_DOCUMENTATION_COMMENTS = YES;
				CLANG_WARN_EMPTY_BODY = YES;
				CLANG_WARN_ENUM_CONVERSION = YES;
				CLANG_WARN_INFINITE_RECURSION = YES;
				CLANG_WARN_INT_CONVERSION = YES;
				CLANG_WARN_NON_LITERAL_NULL_CONVERSION = YES;
				CLANG_WARN_OBJC_IMPLICIT_RETAIN_SELF = YES;
				CLANG_WARN_OBJC_LITERAL_CONVERSION = YES;
				CLANG_WARN_OBJC_ROOT_CLASS = YES_ERROR;
				CLANG_WARN_QUOTED_INCLUDE_IN_FRAMEWORK_HEADER = YES;
				CLANG_WARN_RANGE_LOOP_ANALYSIS = YES;
				CLANG_WARN_STRICT_PROTOTYPES = YES;
				CLANG_WARN_SUSPICIOUS_MOVE = YES;
				CLANG_WARN_UNGUARDED_AVAILABILITY = YES_AGGRESSIVE;
				CLANG_WARN_UNREACHABLE_CODE = YES;
				CLANG_WARN__DUPLICATE_METHOD_MATCH = YES;
				COPY_PHASE_STRIP = NO;
				DEBUG_INFORMATION_FORMAT = dwarf;
				ENABLE_STRICT_OBJC_MSGSEND = YES;
				ENABLE_TESTABILITY = YES;
				GCC_C_LANGUAGE_STANDARD = gnu11;
				GCC_DYNAMIC_NO_PIC = NO;
				GCC_NO_COMMON_BLOCKS = YES;
				GCC_OPTIMIZATION_LEVEL = 0;
				GCC_PREPROCESSOR_DEFINITIONS = (
					"DEBUG=1",
					"$(inherited)",
				);
				GCC_WARN_64_TO_32_BIT_CONVERSION = YES;
				GCC_WARN_ABOUT_RETURN_TYPE = YES_ERROR;
				GCC_WARN_UNDECLARED_SELECTOR = YES;
				GCC_WARN_UNINITIALIZED_AUTOS = YES_AGGRESSIVE;
				GCC_WARN_UNUSED_FUNCTION = YES;
				GCC_WARN_UNUSED_VARIABLE = YES;
				IPHONEOS_DEPLOYMENT_TARGET = 16.4;
				MTL_ENABLE_DEBUG_INFO = INCLUDE_SOURCE;
				MTL_FAST_MATH = YES;
				ONLY_ACTIVE_ARCH = YES;
				SDKROOT = iphoneos;
				SWIFT_ACTIVE_COMPILATION_CONDITIONS = DEBUG;
				SWIFT_OPTIMIZATION_LEVEL = "-Onone";
			};
			name = Debug;
		};
		659C38912A0475C100F904AB /* Release */ = {
			isa = XCBuildConfiguration;
			buildSettings = {
				ALWAYS_SEARCH_USER_PATHS = NO;
				CLANG_ANALYZER_NONNULL = YES;
				CLANG_ANALYZER_NUMBER_OBJECT_CONVERSION = YES_AGGRESSIVE;
				CLANG_CXX_LANGUAGE_STANDARD = "gnu++20";
				CLANG_ENABLE_MODULES = YES;
				CLANG_ENABLE_OBJC_ARC = YES;
				CLANG_ENABLE_OBJC_WEAK = YES;
				CLANG_WARN_BLOCK_CAPTURE_AUTORELEASING = YES;
				CLANG_WARN_BOOL_CONVERSION = YES;
				CLANG_WARN_COMMA = YES;
				CLANG_WARN_CONSTANT_CONVERSION = YES;
				CLANG_WARN_DEPRECATED_OBJC_IMPLEMENTATIONS = YES;
				CLANG_WARN_DIRECT_OBJC_ISA_USAGE = YES_ERROR;
				CLANG_WARN_DOCUMENTATION_COMMENTS = YES;
				CLANG_WARN_EMPTY_BODY = YES;
				CLANG_WARN_ENUM_CONVERSION = YES;
				CLANG_WARN_INFINITE_RECURSION = YES;
				CLANG_WARN_INT_CONVERSION = YES;
				CLANG_WARN_NON_LITERAL_NULL_CONVERSION = YES;
				CLANG_WARN_OBJC_IMPLICIT_RETAIN_SELF = YES;
				CLANG_WARN_OBJC_LITERAL_CONVERSION = YES;
				CLANG_WARN_OBJC_ROOT_CLASS = YES_ERROR;
				CLANG_WARN_QUOTED_INCLUDE_IN_FRAMEWORK_HEADER = YES;
				CLANG_WARN_RANGE_LOOP_ANALYSIS = YES;
				CLANG_WARN_STRICT_PROTOTYPES = YES;
				CLANG_WARN_SUSPICIOUS_MOVE = YES;
				CLANG_WARN_UNGUARDED_AVAILABILITY = YES_AGGRESSIVE;
				CLANG_WARN_UNREACHABLE_CODE = YES;
				CLANG_WARN__DUPLICATE_METHOD_MATCH = YES;
				COPY_PHASE_STRIP = NO;
				DEBUG_INFORMATION_FORMAT = "dwarf-with-dsym";
				ENABLE_NS_ASSERTIONS = NO;
				ENABLE_STRICT_OBJC_MSGSEND = YES;
				GCC_C_LANGUAGE_STANDARD = gnu11;
				GCC_NO_COMMON_BLOCKS = YES;
				GCC_WARN_64_TO_32_BIT_CONVERSION = YES;
				GCC_WARN_ABOUT_RETURN_TYPE = YES_ERROR;
				GCC_WARN_UNDECLARED_SELECTOR = YES;
				GCC_WARN_UNINITIALIZED_AUTOS = YES_AGGRESSIVE;
				GCC_WARN_UNUSED_FUNCTION = YES;
				GCC_WARN_UNUSED_VARIABLE = YES;
				IPHONEOS_DEPLOYMENT_TARGET = 16.4;
				MTL_ENABLE_DEBUG_INFO = NO;
				MTL_FAST_MATH = YES;
				SDKROOT = iphoneos;
				SWIFT_COMPILATION_MODE = wholemodule;
				SWIFT_OPTIMIZATION_LEVEL = "-O";
				VALIDATE_PRODUCT = YES;
			};
			name = Release;
		};
		659C38932A0475C100F904AB /* Debug */ = {
			isa = XCBuildConfiguration;
			buildSettings = {
				ASSETCATALOG_COMPILER_APPICON_NAME = AppIcon;
				ASSETCATALOG_COMPILER_GLOBAL_ACCENT_COLOR_NAME = AccentColor;
				CODE_SIGN_STYLE = Automatic;
				CURRENT_PROJECT_VERSION = 1;
				DEVELOPMENT_ASSET_PATHS = "\"QuizApp/Preview Content\"";
				DEVELOPMENT_TEAM = 2XT33RF6KU;
				ENABLE_PREVIEWS = YES;
				GENERATE_INFOPLIST_FILE = YES;
				INFOPLIST_KEY_UIApplicationSceneManifest_Generation = YES;
				INFOPLIST_KEY_UIApplicationSupportsIndirectInputEvents = YES;
				INFOPLIST_KEY_UILaunchScreen_Generation = YES;
				INFOPLIST_KEY_UIStatusBarStyle = "";
				INFOPLIST_KEY_UISupportedInterfaceOrientations_iPad = "UIInterfaceOrientationPortrait UIInterfaceOrientationPortraitUpsideDown UIInterfaceOrientationLandscapeLeft UIInterfaceOrientationLandscapeRight";
				INFOPLIST_KEY_UISupportedInterfaceOrientations_iPhone = "UIInterfaceOrientationPortrait UIInterfaceOrientationLandscapeLeft UIInterfaceOrientationLandscapeRight";
				LD_RUNPATH_SEARCH_PATHS = (
					"$(inherited)",
					"@executable_path/Frameworks",
				);
				MARKETING_VERSION = 1.0;
				PRODUCT_BUNDLE_IDENTIFIER = DNLopez.QuizApp;
				PRODUCT_NAME = "$(TARGET_NAME)";
				SWIFT_EMIT_LOC_STRINGS = YES;
				SWIFT_VERSION = 5.0;
				TARGETED_DEVICE_FAMILY = "1,2";
			};
			name = Debug;
		};
		659C38942A0475C100F904AB /* Release */ = {
			isa = XCBuildConfiguration;
			buildSettings = {
				ASSETCATALOG_COMPILER_APPICON_NAME = AppIcon;
				ASSETCATALOG_COMPILER_GLOBAL_ACCENT_COLOR_NAME = AccentColor;
				CODE_SIGN_STYLE = Automatic;
				CURRENT_PROJECT_VERSION = 1;
				DEVELOPMENT_ASSET_PATHS = "\"QuizApp/Preview Content\"";
				DEVELOPMENT_TEAM = 2XT33RF6KU;
				ENABLE_PREVIEWS = YES;
				GENERATE_INFOPLIST_FILE = YES;
				INFOPLIST_KEY_UIApplicationSceneManifest_Generation = YES;
				INFOPLIST_KEY_UIApplicationSupportsIndirectInputEvents = YES;
				INFOPLIST_KEY_UILaunchScreen_Generation = YES;
				INFOPLIST_KEY_UIStatusBarStyle = "";
				INFOPLIST_KEY_UISupportedInterfaceOrientations_iPad = "UIInterfaceOrientationPortrait UIInterfaceOrientationPortraitUpsideDown UIInterfaceOrientationLandscapeLeft UIInterfaceOrientationLandscapeRight";
				INFOPLIST_KEY_UISupportedInterfaceOrientations_iPhone = "UIInterfaceOrientationPortrait UIInterfaceOrientationLandscapeLeft UIInterfaceOrientationLandscapeRight";
				LD_RUNPATH_SEARCH_PATHS = (
					"$(inherited)",
					"@executable_path/Frameworks",
				);
				MARKETING_VERSION = 1.0;
				PRODUCT_BUNDLE_IDENTIFIER = DNLopez.QuizApp;
				PRODUCT_NAME = "$(TARGET_NAME)";
				SWIFT_EMIT_LOC_STRINGS = YES;
				SWIFT_VERSION = 5.0;
				TARGETED_DEVICE_FAMILY = "1,2";
			};
			name = Release;
		};
/* End XCBuildConfiguration section */

/* Begin XCConfigurationList section */
		659C387F2A0475BF00F904AB /* Build configuration list for PBXProject "QuizApp" */ = {
			isa = XCConfigurationList;
			buildConfigurations = (
				659C38902A0475C100F904AB /* Debug */,
				659C38912A0475C100F904AB /* Release */,
			);
			defaultConfigurationIsVisible = 0;
			defaultConfigurationName = Release;
		};
		659C38922A0475C100F904AB /* Build configuration list for PBXNativeTarget "QuizApp" */ = {
			isa = XCConfigurationList;
			buildConfigurations = (
				659C38932A0475C100F904AB /* Debug */,
				659C38942A0475C100F904AB /* Release */,
			);
			defaultConfigurationIsVisible = 0;
			defaultConfigurationName = Release;
		};
/* End XCConfigurationList section */
	};
	rootObject = 659C387C2A0475BF00F904AB /* Project object */;
}
